{
  "name": "easyscriptjs",
  "version": "1.3.2",
  "lockfileVersion": 2,
  "requires": true,
  "packages": {
    "": {
      "name": "easyscriptjs",
      "version": "1.3.2",
      "license": "MIT",
      "dependencies": {
        "nanoid": "^5.0.4"
      }
    },
    "node_modules/nanoid": {
      "version": "5.0.4",
      "resolved": "https://registry.npmjs.org/nanoid/-/nanoid-5.0.4.tgz",
      "integrity": "sha512-vAjmBf13gsmhXSgBrtIclinISzFFy22WwCYoyilZlsrRXNIHSwgFQ1bEdjRwMT3aoadeIF6HMuDRlOxzfXV8ig==",
      "funding": [
        {
          "type": "github",
          "url": "https://github.com/sponsors/ai"
        }
      ],
      "bin": {
        "nanoid": "bin/nanoid.js"
      },
      "engines": {
        "node": "^18 || >=20"
      }
    }
  },
  "dependencies": {
    "nanoid": {
      "version": "5.0.4",
      "resolved": "https://registry.npmjs.org/nanoid/-/nanoid-5.0.4.tgz",
      "integrity": "sha512-vAjmBf13gsmhXSgBrtIclinISzFFy22WwCYoyilZlsrRXNIHSwgFQ1bEdjRwMT3aoadeIF6HMuDRlOxzfXV8ig=="
    }
  }
}
