{
  "name": "easyscriptjs",
  "version": "1.2.4",
  "lockfileVersion": 2,
  "requires": true,
  "packages": {
    "": {
      "name": "easyscriptjs",
      "version": "1.2.4",
      "license": "MIT",
      "dependencies": {
        "nanoid": "4.0.1"
      }
    },
    "node_modules/nanoid": {
      "version": "4.0.1",
      "resolved": "https://registry.npmjs.org/nanoid/-/nanoid-4.0.1.tgz",
      "integrity": "sha512-udKGtCCUafD3nQtJg9wBhRP3KMbPglUsgV5JVsXhvyBs/oefqb4sqMEhKBBgqZncYowu58p1prsZQBYvAj/Gww==",
      "bin": {
        "nanoid": "bin/nanoid.js"
      },
      "engines": {
        "node": "^14 || ^16 || >=18"
      }
    }
  },
  "dependencies": {
    "nanoid": {
      "version": "4.0.1",
      "resolved": "https://registry.npmjs.org/nanoid/-/nanoid-4.0.1.tgz",
      "integrity": "sha512-udKGtCCUafD3nQtJg9wBhRP3KMbPglUsgV5JVsXhvyBs/oefqb4sqMEhKBBgqZncYowu58p1prsZQBYvAj/Gww=="
    }
  }
}
