{
  "name": "easyscriptjs",
  "version": "1.1.6",
  "lockfileVersion": 2,
  "requires": true,
  "packages": {
    "": {
      "name": "easyscriptjs",
      "version": "1.1.6",
      "license": "MIT",
      "dependencies": {
        "nanoid": "4.0.0"
      }
    },
    "node_modules/nanoid": {
      "version": "4.0.0",
      "resolved": "https://registry.npmjs.org/nanoid/-/nanoid-4.0.0.tgz",
      "integrity": "sha512-IgBP8piMxe/gf73RTQx7hmnhwz0aaEXYakvqZyE302IXW3HyVNhdNGC+O2MwMAVhLEnvXlvKtGbtJf6wvHihCg==",
      "bin": {
        "nanoid": "bin/nanoid.js"
      },
      "engines": {
        "node": "^14 || ^16 || >=18"
      }
    }
  },
  "dependencies": {
    "nanoid": {
      "version": "4.0.0",
      "resolved": "https://registry.npmjs.org/nanoid/-/nanoid-4.0.0.tgz",
      "integrity": "sha512-IgBP8piMxe/gf73RTQx7hmnhwz0aaEXYakvqZyE302IXW3HyVNhdNGC+O2MwMAVhLEnvXlvKtGbtJf6wvHihCg=="
    }
  }
}
